
Microsoft Visual Studio Solution File, Format Version 12.00
# Visual Studio Version 17
VisualStudioVersion = 17.14.36705.20 d17.14
MinimumVisualStudioVersion = 10.0.40219.1
Project("{FAE04EC0-301F-11D3-BF4B-00C04F79EFBC}") = "NotaApp", "NotaApp\NotaApp.csproj", "{9E5A170F-2D81-49C3-8B22-00E88FF7E07D}"
EndProject
Project("{FAE04EC0-301F-11D3-BF4B-00C04F79EFBC}") = "DataAccessLayer", "DataAccess\DataAccessLayer.csproj", "{45AAE143-306B-48A2-9096-07C86023560C}"
EndProject
Project("{FAE04EC0-301F-11D3-BF4B-00C04F79EFBC}") = "BussinessLayer", "BussinessLayer\BussinessLayer.csproj", "{30C273FD-9719-4F17-8676-1C21E86B47BB}"
EndProject
Global
	GlobalSection(SolutionConfigurationPlatforms) = preSolution
		Debug|Any CPU = Debug|Any CPU
		Release|Any CPU = Release|Any CPU
	EndGlobalSection
	GlobalSection(ProjectConfigurationPlatforms) = postSolution
		{9E5A170F-2D81-49C3-8B22-00E88FF7E07D}.Debug|Any CPU.ActiveCfg = Debug|Any CPU
		{9E5A170F-2D81-49C3-8B22-00E88FF7E07D}.Debug|Any CPU.Build.0 = Debug|Any CPU
		{9E5A170F-2D81-49C3-8B22-00E88FF7E07D}.Release|Any CPU.ActiveCfg = Release|Any CPU
		{9E5A170F-2D81-49C3-8B22-00E88FF7E07D}.Release|Any CPU.Build.0 = Release|Any CPU
		{45AAE143-306B-48A2-9096-07C86023560C}.Debug|Any CPU.ActiveCfg = Debug|Any CPU
		{45AAE143-306B-48A2-9096-07C86023560C}.Debug|Any CPU.Build.0 = Debug|Any CPU
		{45AAE143-306B-48A2-9096-07C86023560C}.Release|Any CPU.ActiveCfg = Release|Any CPU
		{45AAE143-306B-48A2-9096-07C86023560C}.Release|Any CPU.Build.0 = Release|Any CPU
		{30C273FD-9719-4F17-8676-1C21E86B47BB}.Debug|Any CPU.ActiveCfg = Debug|Any CPU
		{30C273FD-9719-4F17-8676-1C21E86B47BB}.Debug|Any CPU.Build.0 = Debug|Any CPU
		{30C273FD-9719-4F17-8676-1C21E86B47BB}.Release|Any CPU.ActiveCfg = Release|Any CPU
		{30C273FD-9719-4F17-8676-1C21E86B47BB}.Release|Any CPU.Build.0 = Release|Any CPU
	EndGlobalSection
	GlobalSection(SolutionProperties) = preSolution
		HideSolutionNode = FALSE
	EndGlobalSection
	GlobalSection(ExtensibilityGlobals) = postSolution
		SolutionGuid = {9E42E353-62E4-4FE5-B07E-8EE3D4D42563}
	EndGlobalSection
EndGlobal
